
Microsoft Visual Studio Solution File, Format Version 12.00
# Visual Studio Version 16
VisualStudioVersion = 16.0.30114.105
MinimumVisualStudioVersion = 10.0.40219.1
Project("{FAE04EC0-301F-11D3-BF4B-00C04F79EFBC}") = "DominoStones.Shared", "Shared\DominoStones.Shared.csproj", "{345BBF69-8D0B-4D90-9800-166E855FBA72}"
EndProject
Project("{FAE04EC0-301F-11D3-BF4B-00C04F79EFBC}") = "DominoStones.Run", "StonesRun\DominoStones.Run.csproj", "{31B23EFD-15E9-421A-8DEA-DD25A1AB8070}"
EndProject
Project("{FAE04EC0-301F-11D3-BF4B-00C04F79EFBC}") = "DominoStones.Test", "Test\DominoStones.Test.csproj", "{42E0F5F9-4FB4-4564-8C51-D67A5C8B5331}"
EndProject
Global
	GlobalSection(SolutionConfigurationPlatforms) = preSolution
		Debug|Any CPU = Debug|Any CPU
		Release|Any CPU = Release|Any CPU
	EndGlobalSection
	GlobalSection(SolutionProperties) = preSolution
		HideSolutionNode = FALSE
	EndGlobalSection
	GlobalSection(ProjectConfigurationPlatforms) = postSolution
		{345BBF69-8D0B-4D90-9800-166E855FBA72}.Debug|Any CPU.ActiveCfg = Debug|Any CPU
		{345BBF69-8D0B-4D90-9800-166E855FBA72}.Debug|Any CPU.Build.0 = Debug|Any CPU
		{345BBF69-8D0B-4D90-9800-166E855FBA72}.Release|Any CPU.ActiveCfg = Release|Any CPU
		{345BBF69-8D0B-4D90-9800-166E855FBA72}.Release|Any CPU.Build.0 = Release|Any CPU
		{31B23EFD-15E9-421A-8DEA-DD25A1AB8070}.Debug|Any CPU.ActiveCfg = Debug|Any CPU
		{31B23EFD-15E9-421A-8DEA-DD25A1AB8070}.Debug|Any CPU.Build.0 = Debug|Any CPU
		{31B23EFD-15E9-421A-8DEA-DD25A1AB8070}.Release|Any CPU.ActiveCfg = Release|Any CPU
		{31B23EFD-15E9-421A-8DEA-DD25A1AB8070}.Release|Any CPU.Build.0 = Release|Any CPU
		{42E0F5F9-4FB4-4564-8C51-D67A5C8B5331}.Debug|Any CPU.ActiveCfg = Debug|Any CPU
		{42E0F5F9-4FB4-4564-8C51-D67A5C8B5331}.Debug|Any CPU.Build.0 = Debug|Any CPU
		{42E0F5F9-4FB4-4564-8C51-D67A5C8B5331}.Release|Any CPU.ActiveCfg = Release|Any CPU
		{42E0F5F9-4FB4-4564-8C51-D67A5C8B5331}.Release|Any CPU.Build.0 = Release|Any CPU
	EndGlobalSection
EndGlobal
